// !$*UTF8*$!
{
	archiveVersion = 1;
	classes = {
	};
	objectVersion = 56;
	objects = {

/* Begin PBXBuildFile section */
		A1000001 /* AppDelegate.swift in Sources */ = {isa = PBXBuildFile; fileRef = A1000002 /* AppDelegate.swift */; };
		A1000006 /* main.swift in Sources */ = {isa = PBXBuildFile; fileRef = A1000007 /* main.swift */; };
		A1000008 /* NetworkDetailWindowController.swift in Sources */ = {isa = PBXBuildFile; fileRef = A1000009 /* NetworkDetailWindowController.swift */; };
		A100000A /* NetworkQualityWindowController.swift in Sources */ = {isa = PBXBuildFile; fileRef = A100000B /* NetworkQualityWindowController.swift */; };
		A100000C /* SpeedTestWindowController.swift in Sources */ = {isa = PBXBuildFile; fileRef = A100000D /* SpeedTestWindowController.swift */; };
		A100000E /* TracerouteWindowController.swift in Sources */ = {isa = PBXBuildFile; fileRef = A100000F /* TracerouteWindowController.swift */; };
		A1000013 /* DNSWindowController.swift in Sources */ = {isa = PBXBuildFile; fileRef = A1000014 /* DNSWindowController.swift */; };
		A1000015 /* WiFiWindowController.swift in Sources */ = {isa = PBXBuildFile; fileRef = A1000016 /* WiFiWindowController.swift */; };
		A1000017 /* NeighborhoodWindowController.swift in Sources */ = {isa = PBXBuildFile; fileRef = A1000018 /* NeighborhoodWindowController.swift */; };
		A1000019 /* SettingsWindowController.swift in Sources */ = {isa = PBXBuildFile; fileRef = A100001A /* SettingsWindowController.swift */; };
		AA000000000000000000001 /* MainWindowController.swift in Sources */ = {isa = PBXBuildFile; fileRef = AA000000000000000000002 /* MainWindowController.swift */; };
		BB000000000000000000001 /* TeletravailWindowController.swift in Sources */ = {isa = PBXBuildFile; fileRef = BB000000000000000000002 /* TeletravailWindowController.swift */; };
		8B9A0001290000000000001B /* GuideWindowController.swift in Sources */ = {isa = PBXBuildFile; fileRef = 8B9A0001290000000000001A /* GuideWindowController.swift */; };
		A2000001 /* Assets.xcassets in Resources */ = {isa = PBXBuildFile; fileRef = A2000002 /* Assets.xcassets */; };
		BF77DD002F2B892E00DDF5E2 /* ARCHITECTURE.md in Resources */ = {isa = PBXBuildFile; fileRef = BF77DCFF2F2B892E00DDF5E2 /* ARCHITECTURE.md */; };
		8B9A000200000000000000F4 /* Localizable.strings in Resources */ = {isa = PBXBuildFile; fileRef = 8B9A000200000000000000F3 /* Localizable.strings */; };
/* End PBXBuildFile section */

/* Begin PBXFileReference section */
		A1000002 /* AppDelegate.swift */ = {isa = PBXFileReference; lastKnownFileType = sourcecode.swift; path = AppDelegate.swift; sourceTree = "<group>"; };
		A1000003 /* Info.plist */ = {isa = PBXFileReference; lastKnownFileType = text.plist.xml; path = Info.plist; sourceTree = "<group>"; };
		A1000004 /* MonReseau.app */ = {isa = PBXFileReference; explicitFileType = wrapper.application; includeInIndex = 0; path = MonReseau.app; sourceTree = BUILT_PRODUCTS_DIR; };
		A1000005 /* MonReseau.entitlements */ = {isa = PBXFileReference; lastKnownFileType = text.plist.entitlements; path = MonReseau.entitlements; sourceTree = "<group>"; };
		A1000007 /* main.swift */ = {isa = PBXFileReference; lastKnownFileType = sourcecode.swift; path = main.swift; sourceTree = "<group>"; };
		A1000009 /* NetworkDetailWindowController.swift */ = {isa = PBXFileReference; lastKnownFileType = sourcecode.swift; path = NetworkDetailWindowController.swift; sourceTree = "<group>"; };
		A100000B /* NetworkQualityWindowController.swift */ = {isa = PBXFileReference; lastKnownFileType = sourcecode.swift; path = NetworkQualityWindowController.swift; sourceTree = "<group>"; };
		A100000D /* SpeedTestWindowController.swift */ = {isa = PBXFileReference; lastKnownFileType = sourcecode.swift; path = SpeedTestWindowController.swift; sourceTree = "<group>"; };
		A100000F /* TracerouteWindowController.swift */ = {isa = PBXFileReference; lastKnownFileType = sourcecode.swift; path = TracerouteWindowController.swift; sourceTree = "<group>"; };
		A1000014 /* DNSWindowController.swift */ = {isa = PBXFileReference; lastKnownFileType = sourcecode.swift; path = DNSWindowController.swift; sourceTree = "<group>"; };
		A1000016 /* WiFiWindowController.swift */ = {isa = PBXFileReference; lastKnownFileType = sourcecode.swift; path = WiFiWindowController.swift; sourceTree = "<group>"; };
		A1000018 /* NeighborhoodWindowController.swift */ = {isa = PBXFileReference; lastKnownFileType = sourcecode.swift; path = NeighborhoodWindowController.swift; sourceTree = "<group>"; };
		A100001A /* SettingsWindowController.swift */ = {isa = PBXFileReference; lastKnownFileType = sourcecode.swift; path = SettingsWindowController.swift; sourceTree = "<group>"; };
		AA000000000000000000002 /* MainWindowController.swift */ = {isa = PBXFileReference; lastKnownFileType = sourcecode.swift; path = MainWindowController.swift; sourceTree = "<group>"; };
		BB000000000000000000002 /* TeletravailWindowController.swift */ = {isa = PBXFileReference; lastKnownFileType = sourcecode.swift; path = TeletravailWindowController.swift; sourceTree = "<group>"; };
		8B9A0001290000000000001A /* GuideWindowController.swift */ = {isa = PBXFileReference; lastKnownFileType = sourcecode.swift; path = GuideWindowController.swift; sourceTree = "<group>"; };
		A2000002 /* Assets.xcassets */ = {isa = PBXFileReference; lastKnownFileType = folder.assetcatalog; path = Assets.xcassets; sourceTree = "<group>"; };
		BF77DCFF2F2B892E00DDF5E2 /* ARCHITECTURE.md */ = {isa = PBXFileReference; lastKnownFileType = net.daringfireball.markdown; path = ARCHITECTURE.md; sourceTree = "<group>"; };
		BF8500B02F2A5ABC00D6E513 /* CLAUDE.md */ = {isa = PBXFileReference; lastKnownFileType = net.daringfireball.markdown; path = CLAUDE.md; sourceTree = "<group>"; };
		8B9A000200000000000000F1 /* fr */ = {isa = PBXFileReference; lastKnownFileType = text.plist.strings; name = fr; path = fr.lproj/Localizable.strings; sourceTree = "<group>"; };
		8B9A000200000000000000F2 /* en */ = {isa = PBXFileReference; lastKnownFileType = text.plist.strings; name = en; path = en.lproj/Localizable.strings; sourceTree = "<group>"; };
/* End PBXFileReference section */

/* Begin PBXFrameworksBuildPhase section */
		A1000022 /* Frameworks */ = {
			isa = PBXFrameworksBuildPhase;
			buildActionMask = 2147483647;
			files = (
			);
			runOnlyForDeploymentPostprocessing = 0;
		};
/* End PBXFrameworksBuildPhase section */

/* Begin PBXGroup section */
		A1000010 = {
			isa = PBXGroup;
			children = (
				BF77DCFF2F2B892E00DDF5E2 /* ARCHITECTURE.md */,
				BF8500B02F2A5ABC00D6E513 /* CLAUDE.md */,
				A1000011 /* MonReseau */,
				A1000012 /* Products */,
			);
			sourceTree = "<group>";
		};
		A1000011 /* MonReseau */ = {
			isa = PBXGroup;
			children = (
				A1000002 /* AppDelegate.swift */,
				A1000007 /* main.swift */,
				A1000009 /* NetworkDetailWindowController.swift */,
				A100000B /* NetworkQualityWindowController.swift */,
				A100000D /* SpeedTestWindowController.swift */,
				A100000F /* TracerouteWindowController.swift */,
				A1000014 /* DNSWindowController.swift */,
				A1000016 /* WiFiWindowController.swift */,
				A1000018 /* NeighborhoodWindowController.swift */,
				A100001A /* SettingsWindowController.swift */,
				AA000000000000000000002 /* MainWindowController.swift */,
				BB000000000000000000002 /* TeletravailWindowController.swift */,
				8B9A0001290000000000001A /* GuideWindowController.swift */,
				8B9A000200000000000000F3 /* Localizable.strings */,
				A2000002 /* Assets.xcassets */,
				A1000003 /* Info.plist */,
				A1000005 /* MonReseau.entitlements */,
			);
			path = MonReseau;
			sourceTree = "<group>";
		};
		A1000012 /* Products */ = {
			isa = PBXGroup;
			children = (
				A1000004 /* MonReseau.app */,
			);
			name = Products;
			sourceTree = "<group>";
		};
/* End PBXGroup section */

/* Begin PBXVariantGroup section */
		8B9A000200000000000000F3 /* Localizable.strings */ = {
			isa = PBXVariantGroup;
			children = (
				8B9A000200000000000000F1 /* fr */,
				8B9A000200000000000000F2 /* en */,
			);
			name = Localizable.strings;
			sourceTree = "<group>";
		};
/* End PBXVariantGroup section */

/* Begin PBXNativeTarget section */
		A1000020 /* MonReseau */ = {
			isa = PBXNativeTarget;
			buildConfigurationList = A1000030 /* Build configuration list for PBXNativeTarget "MonReseau" */;
			buildPhases = (
				A1000021 /* Sources */,
				A1000022 /* Frameworks */,
				A1000023 /* Resources */,
				CC000000000000000000001 /* Copy to Applications */,
			);
			buildRules = (
			);
			dependencies = (
			);
			name = MonReseau;
			productName = MonReseau;
			productReference = A1000004 /* MonReseau.app */;
			productType = "com.apple.product-type.application";
		};
/* End PBXNativeTarget section */

/* Begin PBXProject section */
		A1000040 /* Project object */ = {
			isa = PBXProject;
			attributes = {
				BuildIndependentTargetsInParallel = 1;
				LastSwiftUpdateCheck = 1500;
				LastUpgradeCheck = 2620;
			};
			buildConfigurationList = A1000041 /* Build configuration list for PBXProject "MonReseau" */;
			compatibilityVersion = "Xcode 14.0";
			developmentRegion = fr;
			hasScannedForEncodings = 0;
			knownRegions = (
				fr,
				en,
				Base,
			);
			mainGroup = A1000010;
			productRefGroup = A1000012 /* Products */;
			projectDirPath = "";
			projectRoot = "";
			targets = (
				A1000020 /* MonReseau */,
			);
		};
/* End PBXProject section */

/* Begin PBXResourcesBuildPhase section */
		A1000023 /* Resources */ = {
			isa = PBXResourcesBuildPhase;
			buildActionMask = 2147483647;
			files = (
				A2000001 /* Assets.xcassets in Resources */,
				8B9A000200000000000000F4 /* Localizable.strings in Resources */,
				BF77DD002F2B892E00DDF5E2 /* ARCHITECTURE.md in Resources */,
			);
			runOnlyForDeploymentPostprocessing = 0;
		};
/* End PBXResourcesBuildPhase section */

/* Begin PBXShellScriptBuildPhase section */
		CC000000000000000000001 /* Copy to Applications */ = {
			isa = PBXShellScriptBuildPhase;
			buildActionMask = 2147483647;
			files = (
			);
			inputPaths = (
				"$(BUILT_PRODUCTS_DIR)/$(PRODUCT_NAME).app",
			);
			name = "Copy to Applications";
			outputPaths = (
				"/Applications/$(PRODUCT_NAME).app",
			);
			runOnlyForDeploymentPostprocessing = 0;
			shellPath = /bin/sh;
			shellScript = "rm -rf \"/Applications/${PRODUCT_NAME}.app\"\ncp -R \"${BUILT_PRODUCTS_DIR}/${PRODUCT_NAME}.app\" \"/Applications/${PRODUCT_NAME}.app\"\n";
		};
/* End PBXShellScriptBuildPhase section */

/* Begin PBXSourcesBuildPhase section */
		A1000021 /* Sources */ = {
			isa = PBXSourcesBuildPhase;
			buildActionMask = 2147483647;
			files = (
				A1000001 /* AppDelegate.swift in Sources */,
				A1000006 /* main.swift in Sources */,
				A1000008 /* NetworkDetailWindowController.swift in Sources */,
				A100000A /* NetworkQualityWindowController.swift in Sources */,
				A100000C /* SpeedTestWindowController.swift in Sources */,
				A100000E /* TracerouteWindowController.swift in Sources */,
				A1000013 /* DNSWindowController.swift in Sources */,
				A1000015 /* WiFiWindowController.swift in Sources */,
				A1000017 /* NeighborhoodWindowController.swift in Sources */,
				A1000019 /* SettingsWindowController.swift in Sources */,
				AA000000000000000000001 /* MainWindowController.swift in Sources */,
				BB000000000000000000001 /* TeletravailWindowController.swift in Sources */,
				8B9A0001290000000000001B /* GuideWindowController.swift in Sources */,
			);
			runOnlyForDeploymentPostprocessing = 0;
		};
/* End PBXSourcesBuildPhase section */

/* Begin XCBuildConfiguration section */
		A1000050 /* Debug */ = {
			isa = XCBuildConfiguration;
			buildSettings = {
				ALWAYS_SEARCH_USER_PATHS = NO;
				CLANG_ENABLE_MODULES = YES;
				CLANG_ENABLE_OBJC_ARC = YES;
				CLANG_WARN_BLOCK_CAPTURE_AUTORELEASING = YES;
				CLANG_WARN_BOOL_CONVERSION = YES;
				CLANG_WARN_COMMA = YES;
				CLANG_WARN_CONSTANT_CONVERSION = YES;
				CLANG_WARN_DEPRECATED_OBJC_IMPLEMENTATIONS = YES;
				CLANG_WARN_EMPTY_BODY = YES;
				CLANG_WARN_ENUM_CONVERSION = YES;
				CLANG_WARN_INFINITE_RECURSION = YES;
				CLANG_WARN_INT_CONVERSION = YES;
				CLANG_WARN_NON_LITERAL_NULL_CONVERSION = YES;
				CLANG_WARN_OBJC_IMPLICIT_RETAIN_SELF = YES;
				CLANG_WARN_OBJC_LITERAL_CONVERSION = YES;
				CLANG_WARN_QUOTED_INCLUDE_IN_FRAMEWORK_HEADER = YES;
				CLANG_WARN_RANGE_LOOP_ANALYSIS = YES;
				CLANG_WARN_STRICT_PROTOTYPES = YES;
				CLANG_WARN_SUSPICIOUS_MOVE = YES;
				CLANG_WARN_UNREACHABLE_CODE = YES;
				CLANG_WARN__DUPLICATE_METHOD_MATCH = YES;
				CODE_SIGN_STYLE = Automatic;
				COMBINE_HIDPI_IMAGES = YES;
				CURRENT_PROJECT_VERSION = 1;
				DEAD_CODE_STRIPPING = YES;
				DEBUG_INFORMATION_FORMAT = dwarf;
				DEVELOPMENT_TEAM = KFLACS69T9;
				ENABLE_STRICT_OBJC_MSGSEND = YES;
				ENABLE_TESTABILITY = YES;
				ENABLE_USER_SCRIPT_SANDBOXING = NO;
				GCC_NO_COMMON_BLOCKS = YES;
				GCC_OPTIMIZATION_LEVEL = 0;
				GCC_WARN_64_TO_32_BIT_CONVERSION = YES;
				GCC_WARN_ABOUT_RETURN_TYPE = YES;
				GCC_WARN_UNDECLARED_SELECTOR = YES;
				GCC_WARN_UNINITIALIZED_AUTOS = YES;
				GCC_WARN_UNUSED_FUNCTION = YES;
				GCC_WARN_UNUSED_VARIABLE = YES;
				MACOSX_DEPLOYMENT_TARGET = 13.0;
				MTL_ENABLE_DEBUG_INFO = INCLUDE_SOURCE;
				ONLY_ACTIVE_ARCH = YES;
				SDKROOT = macosx;
				STRING_CATALOG_GENERATE_SYMBOLS = YES;
				SWIFT_ACTIVE_COMPILATION_CONDITIONS = DEBUG;
				SWIFT_OPTIMIZATION_LEVEL = "-Onone";
			};
			name = Debug;
		};
		A1000051 /* Release */ = {
			isa = XCBuildConfiguration;
			buildSettings = {
				ALWAYS_SEARCH_USER_PATHS = NO;
				CLANG_ENABLE_MODULES = YES;
				CLANG_ENABLE_OBJC_ARC = YES;
				CLANG_WARN_BLOCK_CAPTURE_AUTORELEASING = YES;
				CLANG_WARN_BOOL_CONVERSION = YES;
				CLANG_WARN_COMMA = YES;
				CLANG_WARN_CONSTANT_CONVERSION = YES;
				CLANG_WARN_DEPRECATED_OBJC_IMPLEMENTATIONS = YES;
				CLANG_WARN_EMPTY_BODY = YES;
				CLANG_WARN_ENUM_CONVERSION = YES;
				CLANG_WARN_INFINITE_RECURSION = YES;
				CLANG_WARN_INT_CONVERSION = YES;
				CLANG_WARN_NON_LITERAL_NULL_CONVERSION = YES;
				CLANG_WARN_OBJC_IMPLICIT_RETAIN_SELF = YES;
				CLANG_WARN_OBJC_LITERAL_CONVERSION = YES;
				CLANG_WARN_QUOTED_INCLUDE_IN_FRAMEWORK_HEADER = YES;
				CLANG_WARN_RANGE_LOOP_ANALYSIS = YES;
				CLANG_WARN_STRICT_PROTOTYPES = YES;
				CLANG_WARN_SUSPICIOUS_MOVE = YES;
				CLANG_WARN_UNREACHABLE_CODE = YES;
				CLANG_WARN__DUPLICATE_METHOD_MATCH = YES;
				CODE_SIGN_STYLE = Automatic;
				COMBINE_HIDPI_IMAGES = YES;
				CURRENT_PROJECT_VERSION = 1;
				DEAD_CODE_STRIPPING = YES;
				DEBUG_INFORMATION_FORMAT = "dwarf-with-dsym";
				DEVELOPMENT_TEAM = KFLACS69T9;
				ENABLE_STRICT_OBJC_MSGSEND = YES;
				ENABLE_USER_SCRIPT_SANDBOXING = NO;
				GCC_NO_COMMON_BLOCKS = YES;
				GCC_WARN_64_TO_32_BIT_CONVERSION = YES;
				GCC_WARN_ABOUT_RETURN_TYPE = YES;
				GCC_WARN_UNDECLARED_SELECTOR = YES;
				GCC_WARN_UNINITIALIZED_AUTOS = YES;
				GCC_WARN_UNUSED_FUNCTION = YES;
				GCC_WARN_UNUSED_VARIABLE = YES;
				MACOSX_DEPLOYMENT_TARGET = 13.0;
				SDKROOT = macosx;
				STRING_CATALOG_GENERATE_SYMBOLS = YES;
				SWIFT_COMPILATION_MODE = wholemodule;
				SWIFT_OPTIMIZATION_LEVEL = "-O";
			};
			name = Release;
		};
		A1000052 /* Debug */ = {
			isa = XCBuildConfiguration;
			buildSettings = {
				ASSETCATALOG_COMPILER_APPICON_NAME = AppIcon;
				CODE_SIGN_ENTITLEMENTS = MonReseau/MonReseau.entitlements;
				"CODE_SIGN_IDENTITY[sdk=macosx*]" = "-";
				CODE_SIGN_STYLE = Automatic;
				COMBINE_HIDPI_IMAGES = YES;
				CURRENT_PROJECT_VERSION = 1;
				DEAD_CODE_STRIPPING = YES;
				ENABLE_APP_SANDBOX = YES;
				GENERATE_INFOPLIST_FILE = YES;
				INFOPLIST_FILE = MonReseau/Info.plist;
				INFOPLIST_KEY_CFBundleDisplayName = "Mon Réseau";
				INFOPLIST_KEY_LSApplicationCategoryType = "public.app-category.utilities";
				INFOPLIST_KEY_LSUIElement = YES;
				INFOPLIST_KEY_NSHumanReadableCopyright = "Copyright © 2026 Vincent LAURIAT. Tous droits reserves.";
				INFOPLIST_KEY_NSLocationWhenInUseUsageDescription = "Mon Réseau utilise votre position pour enregistrer le lieu de vos tests de débit.";
				INFOPLIST_KEY_NSMainNibFile = "";
				INFOPLIST_KEY_NSPrincipalClass = NSApplication;
				MACOSX_DEPLOYMENT_TARGET = 15.6;
				MARKETING_VERSION = 1.0;
				PRODUCT_BUNDLE_IDENTIFIER = com.SmartColibri.MonReseau;
				PRODUCT_NAME = "$(TARGET_NAME)";
				RUNTIME_EXCEPTION_ALLOW_UNSIGNED_EXECUTABLE_MEMORY = NO;
				SWIFT_VERSION = 5.0;
			};
			name = Debug;
		};
		A1000053 /* Release */ = {
			isa = XCBuildConfiguration;
			buildSettings = {
				ASSETCATALOG_COMPILER_APPICON_NAME = AppIcon;
				CODE_SIGN_ENTITLEMENTS = MonReseau/MonReseau.entitlements;
				CODE_SIGN_IDENTITY = "Apple Development";
				"CODE_SIGN_IDENTITY[sdk=macosx*]" = "Apple Development";
				CODE_SIGN_STYLE = Automatic;
				COMBINE_HIDPI_IMAGES = YES;
				CURRENT_PROJECT_VERSION = 1;
				DEAD_CODE_STRIPPING = YES;
				DEVELOPMENT_TEAM = KFLACS69T9;
				ENABLE_APP_SANDBOX = YES;
				ENABLE_INCOMING_NETWORK_CONNECTIONS = NO;
				ENABLE_OUTGOING_NETWORK_CONNECTIONS = YES;
				ENABLE_RESOURCE_ACCESS_AUDIO_INPUT = NO;
				ENABLE_RESOURCE_ACCESS_BLUETOOTH = NO;
				ENABLE_RESOURCE_ACCESS_CALENDARS = NO;
				ENABLE_RESOURCE_ACCESS_CAMERA = NO;
				ENABLE_RESOURCE_ACCESS_CONTACTS = NO;
				ENABLE_RESOURCE_ACCESS_LOCATION = NO;
				ENABLE_RESOURCE_ACCESS_PRINTING = NO;
				ENABLE_RESOURCE_ACCESS_USB = NO;
				GENERATE_INFOPLIST_FILE = YES;
				INFOPLIST_FILE = MonReseau/Info.plist;
				INFOPLIST_KEY_CFBundleDisplayName = "Mon Réseau";
				INFOPLIST_KEY_LSApplicationCategoryType = "public.app-category.utilities";
				INFOPLIST_KEY_LSUIElement = YES;
				INFOPLIST_KEY_NSHumanReadableCopyright = "Copyright © 2026 Vincent LAURIAT. Tous droits reserves.";
				INFOPLIST_KEY_NSLocationWhenInUseUsageDescription = "Mon Réseau utilise votre position pour enregistrer le lieu de vos tests de débit.";
				INFOPLIST_KEY_NSMainNibFile = "";
				INFOPLIST_KEY_NSPrincipalClass = NSApplication;
				MACOSX_DEPLOYMENT_TARGET = 15.6;
				MARKETING_VERSION = 1.0;
				ONLY_ACTIVE_ARCH = YES;
				PRODUCT_BUNDLE_IDENTIFIER = com.SmartColibri.MonReseau;
				PRODUCT_NAME = "$(TARGET_NAME)";
				PROVISIONING_PROFILE_SPECIFIER = "";
				RUNTIME_EXCEPTION_ALLOW_UNSIGNED_EXECUTABLE_MEMORY = NO;
				SWIFT_VERSION = 5.0;
			};
			name = Release;
		};
/* End XCBuildConfiguration section */

/* Begin XCConfigurationList section */
		A1000030 /* Build configuration list for PBXNativeTarget "MonReseau" */ = {
			isa = XCConfigurationList;
			buildConfigurations = (
				A1000052 /* Debug */,
				A1000053 /* Release */,
			);
			defaultConfigurationIsVisible = 0;
			defaultConfigurationName = Release;
		};
		A1000041 /* Build configuration list for PBXProject "MonReseau" */ = {
			isa = XCConfigurationList;
			buildConfigurations = (
				A1000050 /* Debug */,
				A1000051 /* Release */,
			);
			defaultConfigurationIsVisible = 0;
			defaultConfigurationName = Release;
		};
/* End XCConfigurationList section */
	};
	rootObject = A1000040 /* Project object */;
}
